
Microsoft Visual Studio Solution File, Format Version 12.00
# Visual Studio Version 17
VisualStudioVersion = 17.1.32210.238
MinimumVisualStudioVersion = 10.0.40219.1
Project("{FAE04EC0-301F-11D3-BF4B-00C04F79EFBC}") = "拍摄视频", "拍摄视频\拍摄视频.csproj", "{C2C6678A-AC28-4B56-88D2-6C90AAC010D0}"
EndProject
Project("{FAE04EC0-301F-11D3-BF4B-00C04F79EFBC}") = "Accord.雅阁", "Accord.雅阁\Accord.雅阁.csproj", "{CF5E1104-F1C6-4545-8824-A140AFB3B832}"
EndProject
Project("{FAE04EC0-301F-11D3-BF4B-00C04F79EFBC}") = "Accord视频拍摄", "Accord视频拍摄\Accord视频拍摄.csproj", "{ED38471A-3EF2-4050-9E24-43ED2E88DDC2}"
EndProject
Project("{FAE04EC0-301F-11D3-BF4B-00C04F79EFBC}") = "测试继承窗体是否需要添加引用", "测试继承窗体是否需要添加引用\测试继承窗体是否需要添加引用.csproj", "{E7E4DD02-233C-4469-A528-776358D08844}"
EndProject
Project("{FAE04EC0-301F-11D3-BF4B-00C04F79EFBC}") = "基础控件", "基础控件\基础控件.csproj", "{29F61AF9-E7F2-43E4-8EF7-E08F8786B2D5}"
EndProject
Project("{FAE04EC0-301F-11D3-BF4B-00C04F79EFBC}") = "Accord_OpenCV", "Accord_OpenCV\Accord_OpenCV.csproj", "{C7784EC3-6CB5-48B8-897B-1210051A797E}"
EndProject
Project("{2150E333-8FDC-42A3-9474-1A3956D46DE8}") = "Solution Items", "Solution Items", "{08BB7B7D-3D85-4150-8B12-639E702BB025}"
	ProjectSection(SolutionItems) = preProject
		.gitignore = .gitignore
		README.md = README.md
	EndProjectSection
EndProject
Global
	GlobalSection(SolutionConfigurationPlatforms) = preSolution
		Debug|Any CPU = Debug|Any CPU
		Debug|x86 = Debug|x86
		Release|Any CPU = Release|Any CPU
		Release|x86 = Release|x86
	EndGlobalSection
	GlobalSection(ProjectConfigurationPlatforms) = postSolution
		{C2C6678A-AC28-4B56-88D2-6C90AAC010D0}.Debug|Any CPU.ActiveCfg = Debug|Any CPU
		{C2C6678A-AC28-4B56-88D2-6C90AAC010D0}.Debug|Any CPU.Build.0 = Debug|Any CPU
		{C2C6678A-AC28-4B56-88D2-6C90AAC010D0}.Debug|x86.ActiveCfg = Debug|x86
		{C2C6678A-AC28-4B56-88D2-6C90AAC010D0}.Debug|x86.Build.0 = Debug|x86
		{C2C6678A-AC28-4B56-88D2-6C90AAC010D0}.Release|Any CPU.ActiveCfg = Release|Any CPU
		{C2C6678A-AC28-4B56-88D2-6C90AAC010D0}.Release|Any CPU.Build.0 = Release|Any CPU
		{C2C6678A-AC28-4B56-88D2-6C90AAC010D0}.Release|x86.ActiveCfg = Release|x86
		{C2C6678A-AC28-4B56-88D2-6C90AAC010D0}.Release|x86.Build.0 = Release|x86
		{CF5E1104-F1C6-4545-8824-A140AFB3B832}.Debug|Any CPU.ActiveCfg = Debug|Any CPU
		{CF5E1104-F1C6-4545-8824-A140AFB3B832}.Debug|Any CPU.Build.0 = Debug|Any CPU
		{CF5E1104-F1C6-4545-8824-A140AFB3B832}.Debug|x86.ActiveCfg = Debug|Any CPU
		{CF5E1104-F1C6-4545-8824-A140AFB3B832}.Debug|x86.Build.0 = Debug|Any CPU
		{CF5E1104-F1C6-4545-8824-A140AFB3B832}.Release|Any CPU.ActiveCfg = Release|Any CPU
		{CF5E1104-F1C6-4545-8824-A140AFB3B832}.Release|Any CPU.Build.0 = Release|Any CPU
		{CF5E1104-F1C6-4545-8824-A140AFB3B832}.Release|x86.ActiveCfg = Release|Any CPU
		{CF5E1104-F1C6-4545-8824-A140AFB3B832}.Release|x86.Build.0 = Release|Any CPU
		{ED38471A-3EF2-4050-9E24-43ED2E88DDC2}.Debug|Any CPU.ActiveCfg = Debug|Any CPU
		{ED38471A-3EF2-4050-9E24-43ED2E88DDC2}.Debug|Any CPU.Build.0 = Debug|Any CPU
		{ED38471A-3EF2-4050-9E24-43ED2E88DDC2}.Debug|x86.ActiveCfg = Debug|Any CPU
		{ED38471A-3EF2-4050-9E24-43ED2E88DDC2}.Debug|x86.Build.0 = Debug|Any CPU
		{ED38471A-3EF2-4050-9E24-43ED2E88DDC2}.Release|Any CPU.ActiveCfg = Release|Any CPU
		{ED38471A-3EF2-4050-9E24-43ED2E88DDC2}.Release|Any CPU.Build.0 = Release|Any CPU
		{ED38471A-3EF2-4050-9E24-43ED2E88DDC2}.Release|x86.ActiveCfg = Release|Any CPU
		{ED38471A-3EF2-4050-9E24-43ED2E88DDC2}.Release|x86.Build.0 = Release|Any CPU
		{E7E4DD02-233C-4469-A528-776358D08844}.Debug|Any CPU.ActiveCfg = Debug|Any CPU
		{E7E4DD02-233C-4469-A528-776358D08844}.Debug|Any CPU.Build.0 = Debug|Any CPU
		{E7E4DD02-233C-4469-A528-776358D08844}.Debug|x86.ActiveCfg = Debug|Any CPU
		{E7E4DD02-233C-4469-A528-776358D08844}.Debug|x86.Build.0 = Debug|Any CPU
		{E7E4DD02-233C-4469-A528-776358D08844}.Release|Any CPU.ActiveCfg = Release|Any CPU
		{E7E4DD02-233C-4469-A528-776358D08844}.Release|Any CPU.Build.0 = Release|Any CPU
		{E7E4DD02-233C-4469-A528-776358D08844}.Release|x86.ActiveCfg = Release|Any CPU
		{E7E4DD02-233C-4469-A528-776358D08844}.Release|x86.Build.0 = Release|Any CPU
		{29F61AF9-E7F2-43E4-8EF7-E08F8786B2D5}.Debug|Any CPU.ActiveCfg = Debug|Any CPU
		{29F61AF9-E7F2-43E4-8EF7-E08F8786B2D5}.Debug|Any CPU.Build.0 = Debug|Any CPU
		{29F61AF9-E7F2-43E4-8EF7-E08F8786B2D5}.Debug|x86.ActiveCfg = Debug|Any CPU
		{29F61AF9-E7F2-43E4-8EF7-E08F8786B2D5}.Debug|x86.Build.0 = Debug|Any CPU
		{29F61AF9-E7F2-43E4-8EF7-E08F8786B2D5}.Release|Any CPU.ActiveCfg = Release|Any CPU
		{29F61AF9-E7F2-43E4-8EF7-E08F8786B2D5}.Release|Any CPU.Build.0 = Release|Any CPU
		{29F61AF9-E7F2-43E4-8EF7-E08F8786B2D5}.Release|x86.ActiveCfg = Release|Any CPU
		{29F61AF9-E7F2-43E4-8EF7-E08F8786B2D5}.Release|x86.Build.0 = Release|Any CPU
		{C7784EC3-6CB5-48B8-897B-1210051A797E}.Debug|Any CPU.ActiveCfg = Debug|Any CPU
		{C7784EC3-6CB5-48B8-897B-1210051A797E}.Debug|Any CPU.Build.0 = Debug|Any CPU
		{C7784EC3-6CB5-48B8-897B-1210051A797E}.Debug|x86.ActiveCfg = Debug|Any CPU
		{C7784EC3-6CB5-48B8-897B-1210051A797E}.Debug|x86.Build.0 = Debug|Any CPU
		{C7784EC3-6CB5-48B8-897B-1210051A797E}.Release|Any CPU.ActiveCfg = Release|Any CPU
		{C7784EC3-6CB5-48B8-897B-1210051A797E}.Release|Any CPU.Build.0 = Release|Any CPU
		{C7784EC3-6CB5-48B8-897B-1210051A797E}.Release|x86.ActiveCfg = Release|Any CPU
		{C7784EC3-6CB5-48B8-897B-1210051A797E}.Release|x86.Build.0 = Release|Any CPU
	EndGlobalSection
	GlobalSection(SolutionProperties) = preSolution
		HideSolutionNode = FALSE
	EndGlobalSection
	GlobalSection(ExtensibilityGlobals) = postSolution
		SolutionGuid = {8A9567EF-FA60-41B4-A727-D9C7F37BBC14}
	EndGlobalSection
EndGlobal
